# This file was autogenerated by Stack.
# You should not edit this file by hand.
# For more information, please see the documentation at:
#   https://docs.haskellstack.org/en/stable/lock_files

packages:
- completed:
    hackage: servant-options-0.1.0.0@sha256:39f50166a68006250e79370372f553ca476f14d06d93fa0c401050253aeba803,914
    pantry-tree:
      size: 293
      sha256: 7812baf1b27c62068ba634207fbd7077b886424d666b36739a78c6d4008a1fd4
  original:
    hackage: servant-options-0.1.0.0@sha256:39f50166a68006250e79370372f553ca476f14d06d93fa0c401050253aeba803
- completed:
    hackage: Unique-0.4.7.6@sha256:a1ff411f4d68c756e01e8d532fbe8e57f1ac77f2cc0ee8a999770be2bca185c5,2723
    pantry-tree:
      size: 1366
      sha256: 587d279ff94e8d6f43da3710634ca3611fa4f6886b1e541a73c69303c00297b9
  original:
    hackage: Unique-0.4.7.6@sha256:a1ff411f4d68c756e01e8d532fbe8e57f1ac77f2cc0ee8a999770be2bca185c5
snapshots:
- completed:
    size: 524799
    url: https://raw.githubusercontent.com/commercialhaskell/stackage-snapshots/master/lts/14/17.yaml
    sha256: 1d72b33c0fc048e23f4f18fd76a6ad79dd1d8a3c054644098a71a09855e40c7c
  original: lts-14.17
